
Microsoft Visual Studio Solution File, Format Version 12.00
# Visual Studio Version 17
VisualStudioVersion = 17.11.35222.181
MinimumVisualStudioVersion = 10.0.40219.1
Project("{FAE04EC0-301F-11D3-BF4B-00C04F79EFBC}") = "Smirnovprrc3", "Smirnovprrc3\Smirnovprrc3.csproj", "{DDAC9DA4-F06D-481C-AFE9-8F6DD7DCC04A}"
EndProject
Global
	GlobalSection(SolutionConfigurationPlatforms) = preSolution
		Debug|Any CPU = Debug|Any CPU
		Release|Any CPU = Release|Any CPU
	EndGlobalSection
	GlobalSection(ProjectConfigurationPlatforms) = postSolution
		{DDAC9DA4-F06D-481C-AFE9-8F6DD7DCC04A}.Debug|Any CPU.ActiveCfg = Debug|Any CPU
		{DDAC9DA4-F06D-481C-AFE9-8F6DD7DCC04A}.Debug|Any CPU.Build.0 = Debug|Any CPU
		{DDAC9DA4-F06D-481C-AFE9-8F6DD7DCC04A}.Release|Any CPU.ActiveCfg = Release|Any CPU
		{DDAC9DA4-F06D-481C-AFE9-8F6DD7DCC04A}.Release|Any CPU.Build.0 = Release|Any CPU
	EndGlobalSection
	GlobalSection(SolutionProperties) = preSolution
		HideSolutionNode = FALSE
	EndGlobalSection
	GlobalSection(ExtensibilityGlobals) = postSolution
		SolutionGuid = {C9306995-271A-4E64-BF4E-FB7480A38CC4}
	EndGlobalSection
EndGlobal
